
Microsoft Visual Studio Solution File, Format Version 12.00
# Visual Studio Version 16
VisualStudioVersion = 16.0.30011.22
MinimumVisualStudioVersion = 10.0.40219.1
Project("{FAE04EC0-301F-11D3-BF4B-00C04F79EFBC}") = "Demo", "Demo.csproj", "{B733BAE5-FEEA-4C39-8B37-D4FDD7302DFD}"
EndProject
Global
	GlobalSection(SolutionConfigurationPlatforms) = preSolution
		Debug|Any CPU = Debug|Any CPU
		Release|Any CPU = Release|Any CPU
	EndGlobalSection
	GlobalSection(ProjectConfigurationPlatforms) = postSolution
		{B733BAE5-FEEA-4C39-8B37-D4FDD7302DFD}.Debug|Any CPU.ActiveCfg = Debug|Any CPU
		{B733BAE5-FEEA-4C39-8B37-D4FDD7302DFD}.Debug|Any CPU.Build.0 = Debug|Any CPU
		{B733BAE5-FEEA-4C39-8B37-D4FDD7302DFD}.Debug|Any CPU.Deploy.0 = Debug|Any CPU
		{B733BAE5-FEEA-4C39-8B37-D4FDD7302DFD}.Release|Any CPU.ActiveCfg = Release|Any CPU
		{B733BAE5-FEEA-4C39-8B37-D4FDD7302DFD}.Release|Any CPU.Build.0 = Release|Any CPU
		{B733BAE5-FEEA-4C39-8B37-D4FDD7302DFD}.Release|Any CPU.Deploy.0 = Release|Any CPU
	EndGlobalSection
	GlobalSection(SolutionProperties) = preSolution
		HideSolutionNode = FALSE
	EndGlobalSection
	GlobalSection(ExtensibilityGlobals) = postSolution
		SolutionGuid = {2F6302BE-68B8-47C4-8C0B-CB4E761886D4}
	EndGlobalSection
EndGlobal
